
Microsoft Visual Studio Solution File, Format Version 12.00
# Visual Studio Version 16
VisualStudioVersion = 16.0.30907.101
MinimumVisualStudioVersion = 10.0.40219.1
Project("{FAE04EC0-301F-11D3-BF4B-00C04F79EFBC}") = "final2", "final2\final2.csproj", "{BC6BB27F-3D19-4C2E-8C13-76FA879C99EE}"
EndProject
Global
	GlobalSection(SolutionConfigurationPlatforms) = preSolution
		Debug|Any CPU = Debug|Any CPU
		Release|Any CPU = Release|Any CPU
	EndGlobalSection
	GlobalSection(ProjectConfigurationPlatforms) = postSolution
		{BC6BB27F-3D19-4C2E-8C13-76FA879C99EE}.Debug|Any CPU.ActiveCfg = Debug|Any CPU
		{BC6BB27F-3D19-4C2E-8C13-76FA879C99EE}.Debug|Any CPU.Build.0 = Debug|Any CPU
		{BC6BB27F-3D19-4C2E-8C13-76FA879C99EE}.Release|Any CPU.ActiveCfg = Release|Any CPU
		{BC6BB27F-3D19-4C2E-8C13-76FA879C99EE}.Release|Any CPU.Build.0 = Release|Any CPU
	EndGlobalSection
	GlobalSection(SolutionProperties) = preSolution
		HideSolutionNode = FALSE
	EndGlobalSection
	GlobalSection(ExtensibilityGlobals) = postSolution
		SolutionGuid = {C55E1DF5-9BB2-4122-870F-98E0CB4423F1}
	EndGlobalSection
EndGlobal
